{
  "name": "hapitestbench",
  "version": "1.0.0",
  "lockfileVersion": 1,
  "requires": true,
  "dependencies": {
    "accept": {
      "version": "3.0.2",
      "resolved": "https://registry.npmjs.org/accept/-/accept-3.0.2.tgz",
      "integrity": "sha512-bghLXFkCOsC1Y2TZ51etWfKDs6q249SAoHTZVfzWWdlZxoij+mgkj9AmUJWQpDY48TfnrTDIe43Xem4zdMe7mQ==",
      "requires": {
        "boom": "7.1.1",
        "hoek": "github:hapijs/hoek#1537365607e2080303d778577c1b1f203aca50db"
      }
    },
    "ammo": {
      "version": "3.0.0",
      "resolved": "https://registry.npmjs.org/ammo/-/ammo-3.0.0.tgz",
      "integrity": "sha512-6yoz9MXYV9sgCHrwprHWPxBaJ9/roQRfXzS//4JCNgKfPYcghFNwJQKBt6vWOoSGGRHsP6qsLJ+xtKStKJWdLQ==",
      "requires": {
        "boom": "6.0.0",
        "hoek": "github:hapijs/hoek#1537365607e2080303d778577c1b1f203aca50db"
      },
      "dependencies": {
        "boom": {
          "version": "6.0.0",
          "resolved": "https://registry.npmjs.org/boom/-/boom-6.0.0.tgz",
          "integrity": "sha512-LYLa8BmiiOWjvxTMVh73lcZzd2E5yczrKvxAny1UuzO2tkarLrw4tdp3rdfmus3+YfKcZP0vRSM3Obh+fGK6eA==",
          "requires": {
            "hoek": "github:hapijs/hoek#1537365607e2080303d778577c1b1f203aca50db"
          }
        }
      }
    },
    "b64": {
      "version": "4.0.0",
      "resolved": "https://registry.npmjs.org/b64/-/b64-4.0.0.tgz",
      "integrity": "sha512-EhmUQodKB0sdzPPrbIWbGqA5cQeTWxYrAgNeeT1rLZWtD3tbNTnphz8J4vkXI3cPgBNlXBjzEbzDzq0Nwi4f9A=="
    },
    "big-time": {
      "version": "2.0.0",
      "resolved": "https://registry.npmjs.org/big-time/-/big-time-2.0.0.tgz",
      "integrity": "sha512-OXsmBxlRLwUc65MLta2EOyMTLcjZQkxHkJ81lVPeyVqZag8zhUfKRYIbF3E/IW/LWR8kf8a1GlRYkBXKVGqJOw=="
    },
    "bignumber.js": {
      "version": "4.0.2",
      "resolved": "https://registry.npmjs.org/bignumber.js/-/bignumber.js-4.0.2.tgz",
      "integrity": "sha1-LR3DfuWWiGfs6pC22k0W5oYI0h0="
    },
    "boom": {
      "version": "7.1.1",
      "resolved": "https://registry.npmjs.org/boom/-/boom-7.1.1.tgz",
      "integrity": "sha512-qwEARHTliqgEQiVkzKkkbLt3q0vRPIW60VRZ8zRnbjsm7INkPe9NxfAYDDYLZOdhxyUHa1gIe639Cx7t6RH/4A==",
      "requires": {
        "hoek": "github:hapijs/hoek#1537365607e2080303d778577c1b1f203aca50db"
      }
    },
    "bounce": {
      "version": "1.2.0",
      "resolved": "https://registry.npmjs.org/bounce/-/bounce-1.2.0.tgz",
      "integrity": "sha512-8syCGe8B2/WC53118/F/tFy5aW00j+eaGPXmAUP7iBhxc+EBZZxS1vKelWyBCH6IqojgS2t1gF0glH30qAJKEw==",
      "requires": {
        "boom": "7.1.1",
        "hoek": "github:hapijs/hoek#1537365607e2080303d778577c1b1f203aca50db"
      }
    },
    "bson": {
      "version": "1.0.4",
      "resolved": "https://registry.npmjs.org/bson/-/bson-1.0.4.tgz",
      "integrity": "sha1-k8ENOeqltYQVy8QFLz5T5WKwtyw="
    },
    "call": {
      "version": "5.0.1",
      "resolved": "https://registry.npmjs.org/call/-/call-5.0.1.tgz",
      "integrity": "sha512-ollfFPSshiuYLp7AsrmpkQJ/PxCi6AzV81rCjBwWhyF2QGyUY/vPDMzoh4aUcWyucheRglG2LaS5qkIEfLRh6A==",
      "requires": {
        "boom": "7.1.1",
        "hoek": "github:hapijs/hoek#1537365607e2080303d778577c1b1f203aca50db"
      }
    },
    "catbox": {
      "version": "10.0.2",
      "resolved": "https://registry.npmjs.org/catbox/-/catbox-10.0.2.tgz",
      "integrity": "sha512-cTQTQeKMhWHU0lX8CADE3g1koGJu+AlcWFzAjMX/8P+XbkScGYw3tJsQpe2Oh8q68vOQbOLacz9k+6V/F3Z9DA==",
      "requires": {
        "boom": "7.1.1",
        "bounce": "1.2.0",
        "hoek": "github:hapijs/hoek#1537365607e2080303d778577c1b1f203aca50db",
        "joi": "13.1.0"
      }
    },
    "catbox-memory": {
      "version": "3.1.1",
      "resolved": "https://registry.npmjs.org/catbox-memory/-/catbox-memory-3.1.1.tgz",
      "integrity": "sha512-fl6TI/uneeUb9NGClKWZWkpCZQrkPmuVz/Jaqqb15vqW6KGfJ/vMP/ZMp8VgAkyTrrRvFHbFcS67sbU7EkvbhQ==",
      "requires": {
        "big-time": "2.0.0",
        "boom": "7.1.1",
        "hoek": "github:hapijs/hoek#1537365607e2080303d778577c1b1f203aca50db"
      }
    },
    "charenc": {
      "version": "0.0.2",
      "resolved": "https://registry.npmjs.org/charenc/-/charenc-0.0.2.tgz",
      "integrity": "sha1-wKHS86cJLgN3S/qD8UwPxXkKhmc="
    },
    "content": {
      "version": "4.0.3",
      "resolved": "https://registry.npmjs.org/content/-/content-4.0.3.tgz",
      "integrity": "sha512-BrMfT1xXZHaXyPT/sneXc3IQzh8uL15JWV1R5tU0xo4sBGjF7BN+IRi9WoQLSbfNEs7bJ3E69rjxBKg/RL7lOQ==",
      "requires": {
        "boom": "7.1.1"
      }
    },
    "core-util-is": {
      "version": "1.0.2",
      "resolved": "https://registry.npmjs.org/core-util-is/-/core-util-is-1.0.2.tgz",
      "integrity": "sha1-tf1UIgqivFq1eqtxQMlAdUUDwac="
    },
    "crypt": {
      "version": "0.0.2",
      "resolved": "https://registry.npmjs.org/crypt/-/crypt-0.0.2.tgz",
      "integrity": "sha1-iNf/fsDfuG9xPch7u0LQRNPmxBs="
    },
    "cryptiles": {
      "version": "4.1.1",
      "resolved": "https://registry.npmjs.org/cryptiles/-/cryptiles-4.1.1.tgz",
      "integrity": "sha512-YuQUPbcOmaZsdvxJZ25DCA1W+lLIRoPJKBDKin+St1RCYEERSfoe1d25B1MvWNHN3e8SpFSVsqYvEUjp8J9H2w==",
      "requires": {
        "boom": "7.1.1"
      }
    },
    "ejs": {
      "version": "2.5.7",
      "resolved": "https://registry.npmjs.org/ejs/-/ejs-2.5.7.tgz",
      "integrity": "sha1-zIcsFoiArjxxiXYv1f/ACJbJUYo="
    },
    "glue": {
      "version": "github:hapijs/glue#0136f7ddb89460dc37317f392ba3ae5aa4a2ca2c",
      "requires": {
        "hapi": "github:hapijs/hapi#dfec8ed2a7522c06df03d991b53d85d17771caa9",
        "hoek": "github:hapijs/hoek#1537365607e2080303d778577c1b1f203aca50db",
        "joi": "13.1.0"
      }
    },
    "hapi": {
      "version": "github:hapijs/hapi#dfec8ed2a7522c06df03d991b53d85d17771caa9",
      "requires": {
        "accept": "3.0.2",
        "ammo": "3.0.0",
        "boom": "7.1.1",
        "bounce": "1.2.0",
        "call": "5.0.1",
        "catbox": "10.0.2",
        "catbox-memory": "3.1.1",
        "heavy": "6.1.0",
        "hoek": "github:hapijs/hoek#1537365607e2080303d778577c1b1f203aca50db",
        "joi": "13.1.0",
        "mimos": "4.0.0",
        "podium": "3.1.2",
        "shot": "4.0.4",
        "statehood": "6.0.5",
        "subtext": "6.0.7",
        "teamwork": "3.0.1",
        "topo": "3.0.0"
      }
    },
    "heavy": {
      "version": "6.1.0",
      "resolved": "https://registry.npmjs.org/heavy/-/heavy-6.1.0.tgz",
      "integrity": "sha512-TKS9DC9NOTGulHQI31Lx+bmeWmNOstbJbGMiN3pX6bF+Zc2GKSpbbym4oasNnB6yPGkqJ9TQXXYDGohqNSJRxA==",
      "requires": {
        "boom": "7.1.1",
        "hoek": "github:hapijs/hoek#1537365607e2080303d778577c1b1f203aca50db",
        "joi": "13.1.0"
      }
    },
    "hoek": {
      "version": "github:hapijs/hoek#1537365607e2080303d778577c1b1f203aca50db"
    },
    "hooker": {
      "version": "0.2.3",
      "resolved": "https://registry.npmjs.org/hooker/-/hooker-0.2.3.tgz",
      "integrity": "sha1-uDT3I8xKJCqmWWNFnfbZhMXT2Vk="
    },
    "inert": {
      "version": "github:hapijs/inert#bac2072a21f7eedcf1ddc1d27f8361a42059a887",
      "requires": {
        "ammo": "3.0.0",
        "boom": "7.1.1",
        "bounce": "1.2.0",
        "hoek": "github:hapijs/hoek#1537365607e2080303d778577c1b1f203aca50db",
        "joi": "13.1.0",
        "lru-cache": "4.1.1"
      }
    },
    "inherits": {
      "version": "2.0.3",
      "resolved": "https://registry.npmjs.org/inherits/-/inherits-2.0.3.tgz",
      "integrity": "sha1-Yzwsg+PaQqUC9SRmAiSA9CCCYd4="
    },
    "iron": {
      "version": "5.0.4",
      "resolved": "https://registry.npmjs.org/iron/-/iron-5.0.4.tgz",
      "integrity": "sha512-7iQ5/xFMIYaNt9g2oiNiWdhrOTdRUMFaWENUd0KghxwPUhrIH8DUY8FEyLNTTzf75jaII+jMexLdY/2HfV61RQ==",
      "requires": {
        "boom": "7.1.1",
        "cryptiles": "4.1.1",
        "hoek": "github:hapijs/hoek#1537365607e2080303d778577c1b1f203aca50db"
      }
    },
    "is-buffer": {
      "version": "1.1.5",
      "resolved": "https://registry.npmjs.org/is-buffer/-/is-buffer-1.1.5.tgz",
      "integrity": "sha1-Hzsm72E7IUuIy8ojzGwB2Hlh7sw="
    },
    "isarray": {
      "version": "1.0.0",
      "resolved": "https://registry.npmjs.org/isarray/-/isarray-1.0.0.tgz",
      "integrity": "sha1-u5NdSFgsuhaMBoNJV6VKPgcSTxE="
    },
    "isemail": {
      "version": "3.0.0",
      "resolved": "https://registry.npmjs.org/isemail/-/isemail-3.0.0.tgz",
      "integrity": "sha512-rz0ng/c+fX+zACpLgDB8fnUQ845WSU06f4hlhk4K8TJxmR6f5hyvitu9a9JdMD7aq/P4E0XdG1uaab2OiXgHlA==",
      "requires": {
        "punycode": "2.1.0"
      }
    },
    "isexe": {
      "version": "2.0.0",
      "resolved": "https://registry.npmjs.org/isexe/-/isexe-2.0.0.tgz",
      "integrity": "sha1-6PvzdNxVb/iUehDcsFctYz8s+hA="
    },
    "items": {
      "version": "2.1.1",
      "resolved": "https://registry.npmjs.org/items/-/items-2.1.1.tgz",
      "integrity": "sha1-i9FtnIOxlSneWuoyGsqtp4NkoZg="
    },
    "joi": {
      "version": "13.1.0",
      "resolved": "https://registry.npmjs.org/joi/-/joi-13.1.0.tgz",
      "integrity": "sha512-x6pGmDYI6hwNi3skP6irQqRaJntzeaWmZ4rsnjc/NTlf6P5Gp3Aw/O8REe8oLJ6wPhrzd9K3RW1m3Yz/Hx4Weg==",
      "requires": {
        "hoek": "github:hapijs/hoek#1537365607e2080303d778577c1b1f203aca50db",
        "isemail": "3.0.0",
        "topo": "3.0.0"
      }
    },
    "lru-cache": {
      "version": "4.1.1",
      "resolved": "https://registry.npmjs.org/lru-cache/-/lru-cache-4.1.1.tgz",
      "integrity": "sha512-q4spe4KTfsAS1SUHLO0wz8Qiyf1+vMIAgpRYioFYDMNqKfHQbg+AVDH3i4fvpl71/P1L0dBl+fQi+P37UYf0ew==",
      "requires": {
        "pseudomap": "1.0.2",
        "yallist": "2.1.2"
      }
    },
    "md5": {
      "version": "2.2.1",
      "resolved": "https://registry.npmjs.org/md5/-/md5-2.2.1.tgz",
      "integrity": "sha1-U6s41f48iJG6RlMp6iP6wFQBJvk=",
      "requires": {
        "charenc": "0.0.2",
        "crypt": "0.0.2",
        "is-buffer": "1.1.5"
      }
    },
    "mime-db": {
      "version": "1.32.0",
      "resolved": "https://registry.npmjs.org/mime-db/-/mime-db-1.32.0.tgz",
      "integrity": "sha512-+ZWo/xZN40Tt6S+HyakUxnSOgff+JEdaneLWIm0Z6LmpCn5DMcZntLyUY5c/rTDog28LhXLKOUZKoTxTCAdBVw=="
    },
    "mimos": {
      "version": "4.0.0",
      "resolved": "https://registry.npmjs.org/mimos/-/mimos-4.0.0.tgz",
      "integrity": "sha512-JvlvRLqGIlk+AYypWrbrDmhsM+6JVx/xBM5S3AMwTBz1trPCEoPN/swO2L4Wu653fL7oJdgk8DMQyG/Gq3JkZg==",
      "requires": {
        "hoek": "github:hapijs/hoek#1537365607e2080303d778577c1b1f203aca50db",
        "mime-db": "1.32.0"
      }
    },
    "mongodb": {
      "version": "3.0.1",
      "resolved": "https://registry.npmjs.org/mongodb/-/mongodb-3.0.1.tgz",
      "integrity": "sha1-J47oAGJX7CJ5hZSmJZVGgl1t4bI=",
      "requires": {
        "mongodb-core": "3.0.1"
      }
    },
    "mongodb-core": {
      "version": "3.0.1",
      "resolved": "https://registry.npmjs.org/mongodb-core/-/mongodb-core-3.0.1.tgz",
      "integrity": "sha1-/23Dbulv9ZaVPYCmhA1nMbyS7+0=",
      "requires": {
        "bson": "1.0.4",
        "require_optional": "1.0.1"
      }
    },
    "mysql": {
      "version": "2.14.1",
      "resolved": "https://registry.npmjs.org/mysql/-/mysql-2.14.1.tgz",
      "integrity": "sha512-ZPXqQeYH7L1QPDyC77Rcp32cNCQnNjz8Y4BbF17tOjm5yhSfjFa3xS4PvuxWJtEEmwVc4ccI7sSntj4eyYRq0A==",
      "requires": {
        "bignumber.js": "4.0.2",
        "readable-stream": "2.3.3",
        "safe-buffer": "5.1.1",
        "sqlstring": "2.2.0"
      },
      "dependencies": {
        "readable-stream": {
          "version": "2.3.3",
          "resolved": "https://registry.npmjs.org/readable-stream/-/readable-stream-2.3.3.tgz",
          "integrity": "sha512-m+qzzcn7KUxEmd1gMbchF+Y2eIUbieUaxkWtptyHywrX0rE8QEYqPC07Vuy4Wm32/xE16NcdBctb8S0Xe/5IeQ==",
          "requires": {
            "core-util-is": "1.0.2",
            "inherits": "2.0.3",
            "isarray": "1.0.0",
            "process-nextick-args": "1.0.7",
            "safe-buffer": "5.1.1",
            "string_decoder": "1.0.3",
            "util-deprecate": "1.0.2"
          }
        }
      }
    },
    "nigel": {
      "version": "3.0.0",
      "resolved": "https://registry.npmjs.org/nigel/-/nigel-3.0.0.tgz",
      "integrity": "sha512-ufFVFCe1zS/pfIQzQNa5uJxB8v8IcVTUn1zyPvQwb4CQGRxxBfdQPSXpEnI6ZzIwbV5L+GuAoRhYgcVSvTO7fA==",
      "requires": {
        "hoek": "github:hapijs/hoek#1537365607e2080303d778577c1b1f203aca50db",
        "vise": "3.0.0"
      }
    },
    "os-tmpdir": {
      "version": "1.0.2",
      "resolved": "https://registry.npmjs.org/os-tmpdir/-/os-tmpdir-1.0.2.tgz",
      "integrity": "sha1-u+Z0BseaqFxc/sdm/lc0VV36EnQ="
    },
    "pem": {
      "version": "1.12.3",
      "resolved": "https://registry.npmjs.org/pem/-/pem-1.12.3.tgz",
      "integrity": "sha512-hT7GwvQL35+0iqgYUl8vn5I5pAVR0HcJas07TXL8bNaR4c5kAFRquk4ZqQk1F9YMcQOr6WjGdY5OnDC0RBnzig==",
      "requires": {
        "md5": "2.2.1",
        "os-tmpdir": "1.0.2",
        "safe-buffer": "5.1.1",
        "which": "1.3.0"
      }
    },
    "pez": {
      "version": "4.0.1",
      "resolved": "https://registry.npmjs.org/pez/-/pez-4.0.1.tgz",
      "integrity": "sha512-0c/SoW5MY7lPdc5U1Q/ixyjLZbluGWJonHVmn4mKwSq7vgO9+a9WzoCopHubIwkot6Q+fevNVElaA+1M9SqHrA==",
      "requires": {
        "b64": "4.0.0",
        "boom": "7.1.1",
        "content": "4.0.3",
        "hoek": "github:hapijs/hoek#1537365607e2080303d778577c1b1f203aca50db",
        "nigel": "3.0.0"
      }
    },
    "podium": {
      "version": "3.1.2",
      "resolved": "https://registry.npmjs.org/podium/-/podium-3.1.2.tgz",
      "integrity": "sha512-18VrjJAduIdPv7d9zWsfmKxTj3cQTYC5Pv5gtKxcWujYBpGbV+mhNSPYhlHW5xeWoazYyKfB9FEsPT12r5rY1A==",
      "requires": {
        "hoek": "github:hapijs/hoek#1537365607e2080303d778577c1b1f203aca50db",
        "joi": "13.1.0"
      }
    },
    "process-nextick-args": {
      "version": "1.0.7",
      "resolved": "https://registry.npmjs.org/process-nextick-args/-/process-nextick-args-1.0.7.tgz",
      "integrity": "sha1-FQ4gt1ZZCtP5EJPyWk8q2L/zC6M="
    },
    "pseudomap": {
      "version": "1.0.2",
      "resolved": "https://registry.npmjs.org/pseudomap/-/pseudomap-1.0.2.tgz",
      "integrity": "sha1-8FKijacOYYkX7wqKw0wa5aaChrM="
    },
    "punycode": {
      "version": "2.1.0",
      "resolved": "https://registry.npmjs.org/punycode/-/punycode-2.1.0.tgz",
      "integrity": "sha1-X4Y+3Im5bbCQdLrXlHvwkFbKTn0="
    },
    "require_optional": {
      "version": "1.0.1",
      "resolved": "https://registry.npmjs.org/require_optional/-/require_optional-1.0.1.tgz",
      "integrity": "sha512-qhM/y57enGWHAe3v/NcwML6a3/vfESLe/sGM2dII+gEO0BpKRUkWZow/tyloNqJyN6kXSl3RyyM8Ll5D/sJP8g==",
      "requires": {
        "resolve-from": "2.0.0",
        "semver": "5.4.1"
      }
    },
    "resolve-from": {
      "version": "2.0.0",
      "resolved": "https://registry.npmjs.org/resolve-from/-/resolve-from-2.0.0.tgz",
      "integrity": "sha1-lICrIOlP+h2egKgEx+oUdhGWa1c="
    },
    "safe-buffer": {
      "version": "5.1.1",
      "resolved": "https://registry.npmjs.org/safe-buffer/-/safe-buffer-5.1.1.tgz",
      "integrity": "sha512-kKvNJn6Mm93gAczWVJg7wH+wGYWNrDHdWvpUmHyEsgCtIwwo3bqPtV4tR5tuPaUhTOo/kvhVwd8XwwOllGYkbg=="
    },
    "semver": {
      "version": "5.4.1",
      "resolved": "https://registry.npmjs.org/semver/-/semver-5.4.1.tgz",
      "integrity": "sha512-WfG/X9+oATh81XtllIo/I8gOiY9EXRdv1cQdyykeXK17YcUW3EXUAi2To4pcH6nZtJPr7ZOpM5OMyWJZm+8Rsg=="
    },
    "shot": {
      "version": "4.0.4",
      "resolved": "https://registry.npmjs.org/shot/-/shot-4.0.4.tgz",
      "integrity": "sha512-V8wHSJSNqt8ZIgdbTQCFIrp5BwBH+tsFLNBL1REmkFN/0PJdmzUBQscZqsbdSvdLc+Qxq7J5mcwzai66vs3ozA==",
      "requires": {
        "hoek": "github:hapijs/hoek#1537365607e2080303d778577c1b1f203aca50db",
        "joi": "13.1.0"
      }
    },
    "sqlstring": {
      "version": "2.2.0",
      "resolved": "https://registry.npmjs.org/sqlstring/-/sqlstring-2.2.0.tgz",
      "integrity": "sha1-wxNcTqirzX5+50GklmqJHYak8ZE="
    },
    "statehood": {
      "version": "6.0.5",
      "resolved": "https://registry.npmjs.org/statehood/-/statehood-6.0.5.tgz",
      "integrity": "sha512-HPa8qT5sGTBVn1Fc9czBYR1oo7gBaay3ysnb04cvcF80YrDIV7880KpjmMj54j7CrFuQFfgMRb44QCRxRmAdTg==",
      "requires": {
        "boom": "7.1.1",
        "bounce": "1.2.0",
        "cryptiles": "4.1.1",
        "hoek": "github:hapijs/hoek#1537365607e2080303d778577c1b1f203aca50db",
        "iron": "5.0.4",
        "joi": "13.1.0"
      }
    },
    "string_decoder": {
      "version": "1.0.3",
      "resolved": "https://registry.npmjs.org/string_decoder/-/string_decoder-1.0.3.tgz",
      "integrity": "sha512-4AH6Z5fzNNBcH+6XDMfA/BTt87skxqJlO0lAh3Dker5zThcAxG6mKz+iGu308UKoPPQ8Dcqx/4JhujzltRa+hQ==",
      "requires": {
        "safe-buffer": "5.1.1"
      }
    },
    "subtext": {
      "version": "6.0.7",
      "resolved": "https://registry.npmjs.org/subtext/-/subtext-6.0.7.tgz",
      "integrity": "sha512-IcJUvRjeR+NB437Iq+LORFNJW4L6Knqkj3oQrBrkdhIaS2VKJvx/9aYEq7vi+PEx5/OuehOL/40SkSZotLi/MA==",
      "requires": {
        "boom": "7.1.1",
        "content": "4.0.3",
        "hoek": "github:hapijs/hoek#1537365607e2080303d778577c1b1f203aca50db",
        "pez": "4.0.1",
        "wreck": "14.0.2"
      }
    },
    "teamwork": {
      "version": "3.0.1",
      "resolved": "https://registry.npmjs.org/teamwork/-/teamwork-3.0.1.tgz",
      "integrity": "sha512-hEkJIpDOfOYe9NYaLFk00zQbzZeKNCY8T2pRH3I13Y1mJwxaSQ6NEsjY5rCp+11ezCiZpWGoGFTbOuhg4qKevQ=="
    },
    "topo": {
      "version": "3.0.0",
      "resolved": "https://registry.npmjs.org/topo/-/topo-3.0.0.tgz",
      "integrity": "sha512-Tlu1fGlR90iCdIPURqPiufqAlCZYzLjHYVVbcFWDMcX7+tK8hdZWAfsMrD/pBul9jqHHwFjNdf1WaxA9vTRRhw==",
      "requires": {
        "hoek": "github:hapijs/hoek#1537365607e2080303d778577c1b1f203aca50db"
      }
    },
    "util-deprecate": {
      "version": "1.0.2",
      "resolved": "https://registry.npmjs.org/util-deprecate/-/util-deprecate-1.0.2.tgz",
      "integrity": "sha1-RQ1Nyfpw3nMnYvvS1KKJgUGaDM8="
    },
    "vise": {
      "version": "3.0.0",
      "resolved": "https://registry.npmjs.org/vise/-/vise-3.0.0.tgz",
      "integrity": "sha512-kBFZLmiL1Vm3rHXphkhvvAcsjgeQXRrOFCbJb0I50YZZP4HGRNH+xGzK3matIMcpbsfr3I02u9odj4oCD0TWgA==",
      "requires": {
        "hoek": "github:hapijs/hoek#1537365607e2080303d778577c1b1f203aca50db"
      }
    },
    "vision": {
      "version": "github:hapijs/vision#6043bdebb101ce7601bf3b03d564f09f0e53cf47",
      "requires": {
        "boom": "7.1.1",
        "hoek": "github:hapijs/hoek#1537365607e2080303d778577c1b1f203aca50db",
        "items": "2.1.1",
        "joi": "13.1.0"
      }
    },
    "which": {
      "version": "1.3.0",
      "resolved": "https://registry.npmjs.org/which/-/which-1.3.0.tgz",
      "integrity": "sha512-xcJpopdamTuY5duC/KnTTNBraPK54YwpenP4lzxU8H91GudWpFv38u0CKjclE1Wi2EH2EDz5LRcHcKbCIzqGyg==",
      "requires": {
        "isexe": "2.0.0"
      }
    },
    "wreck": {
      "version": "14.0.2",
      "resolved": "https://registry.npmjs.org/wreck/-/wreck-14.0.2.tgz",
      "integrity": "sha512-QCm3omWNJUseqrSzwX2QZi1rBbmCfbFHJAXputLLyZ37VSiFnSYQB0ms/mPnSvrlIu7GVm89Y/gBNhSY26uVIQ==",
      "requires": {
        "boom": "7.1.1",
        "hoek": "github:hapijs/hoek#1537365607e2080303d778577c1b1f203aca50db"
      }
    },
    "yallist": {
      "version": "2.1.2",
      "resolved": "https://registry.npmjs.org/yallist/-/yallist-2.1.2.tgz",
      "integrity": "sha1-HBH5IY8HYImkfdUS+TxmmaaoHVI="
    }
  }
}
